lockfileVersion: '6.0'

settings:
  autoInstallPeers: true
  excludeLinksFromLockfile: false

dependencies:
  '@element-plus/icons-vue':
    specifier: ^2.3.1
    version: 2.3.1(vue@3.4.27)
  '@types/file-saver':
    specifier: ^2.0.7
    version: 2.0.7
  axios:
    specifier: ^1.6.8
    version: 1.6.8
  element-plus:
    specifier: ^2.7.2
    version: 2.7.2(vue@3.4.27)
  file-saver:
    specifier: ^2.0.5
    version: 2.0.5
  typescript:
    specifier: ^5.4.5
    version: 5.4.5
  vue:
    specifier: ^3.4.27
    version: 3.4.27(typescript@5.4.5)
  vue-cookie-next:
    specifier: ^1.3.0
    version: 1.3.0(vue@3.4.27)
  vue-cookies:
    specifier: ^1.8.4
    version: 1.8.4
  vue-cookies-ts:
    specifier: ^1.5.19
    version: 1.5.19
  vue-router:
    specifier: ^4.3.2
    version: 4.3.2(vue@3.4.27)

devDependencies:
  '@vitejs/plugin-vue':
    specifier: ^3.2.0
    version: 3.2.0(vite@3.2.10)(vue@3.4.27)
  unplugin-auto-import:
    specifier: ^0.11.5
    version: 0.11.5
  unplugin-vue-components:
    specifier: ^0.22.12
    version: 0.22.12(vue@3.4.27)
  vite:
    specifier: ^3.2.10
    version: 3.2.10

packages:

  /@antfu/utils@0.7.7:
    resolution: {integrity: sha512-gFPqTG7otEJ8uP6wrhDv6mqwGWYZKNvAcCq6u9hOj0c+IKCEsY4L1oC9trPq2SaWIzAfHvqfBDxF591JkMf+kg==}
    dev: true

  /@babel/helper-string-parser@7.24.1:
    resolution: {integrity: sha512-2ofRCjnnA9y+wk8b9IAREroeUP02KHp431N2mhKniy2yKIDKpbrHv9eXwm8cBeWQYcJmzv5qKCu65P47eCF7CQ==}
    engines: {node: '>=6.9.0'}

  /@babel/helper-validator-identifier@7.24.5:
    resolution: {integrity: sha512-3q93SSKX2TWCG30M2G2kwaKeTYgEUp5Snjuj8qm729SObL6nbtUldAi37qbxkD5gg3xnBio+f9nqpSepGZMvxA==}
    engines: {node: '>=6.9.0'}

  /@babel/parser@7.24.5:
    resolution: {integrity: sha512-EOv5IK8arwh3LI47dz1b0tKUb/1uhHAnHJOrjgtQMIpu1uXd9mlFrJg9IUgGUgZ41Ch0K8REPTYpO7B76b4vJg==}
    engines: {node: '>=6.0.0'}
    hasBin: true
    dependencies:
      '@babel/types': 7.24.5

  /@babel/types@7.24.5:
    resolution: {integrity: sha512-6mQNsaLeXTw0nxYUYu+NSa4Hx4BlF1x1x8/PMFbiR+GBSr+2DkECc69b8hgy2frEodNcvPffeH8YfWd3LI6jhQ==}
    engines: {node: '>=6.9.0'}
    dependencies:
      '@babel/helper-string-parser': 7.24.1
      '@babel/helper-validator-identifier': 7.24.5
      to-fast-properties: 2.0.0

  /@ctrl/tinycolor@3.6.1:
    resolution: {integrity: sha512-SITSV6aIXsuVNV3f3O0f2n/cgyEDWoSqtZMYiAmcsYHydcKrOz3gUxB/iXd/Qf08+IZX4KpgNbvUdMBmWz+kcA==}
    engines: {node: '>=10'}
    dev: false

  /@element-plus/icons-vue@2.3.1(vue@3.4.27):
    resolution: {integrity: sha512-XxVUZv48RZAd87ucGS48jPf6pKu0yV5UCg9f4FFwtrYxXOwWuVJo6wOvSLKEoMQKjv8GsX/mhP6UsC1lRwbUWg==}
    peerDependencies:
      vue: ^3.2.0
    dependencies:
      vue: 3.4.27(typescript@5.4.5)
    dev: false

  /@esbuild/android-arm@0.15.18:
    resolution: {integrity: sha512-5GT+kcs2WVGjVs7+boataCkO5Fg0y4kCjzkB5bAip7H4jfnOS3dA6KPiww9W1OEKTKeAcUVhdZGvgI65OXmUnw==}
    engines: {node: '>=12'}
    cpu: [arm]
    os: [android]
    requiresBuild: true
    dev: true
    optional: true

  /@esbuild/linux-loong64@0.15.18:
    resolution: {integrity: sha512-L4jVKS82XVhw2nvzLg/19ClLWg0y27ulRwuP7lcyL6AbUWB5aPglXY3M21mauDQMDfRLs8cQmeT03r/+X3cZYQ==}
    engines: {node: '>=12'}
    cpu: [loong64]
    os: [linux]
    requiresBuild: true
    dev: true
    optional: true

  /@floating-ui/core@1.6.1:
    resolution: {integrity: sha512-42UH54oPZHPdRHdw6BgoBD6cg/eVTmVrFcgeRDM3jbO7uxSoipVcmcIGFcA5jmOHO5apcyvBhkSKES3fQJnu7A==}
    dependencies:
      '@floating-ui/utils': 0.2.2
    dev: false

  /@floating-ui/dom@1.6.5:
    resolution: {integrity: sha512-Nsdud2X65Dz+1RHjAIP0t8z5e2ff/IRbei6BqFrl1urT8sDVzM1HMQ+R0XcU5ceRfyO3I6ayeqIfh+6Wb8LGTw==}
    dependencies:
      '@floating-ui/core': 1.6.1
      '@floating-ui/utils': 0.2.2
    dev: false

  /@floating-ui/utils@0.2.2:
    resolution: {integrity: sha512-J4yDIIthosAsRZ5CPYP/jQvUAQtlZTTD/4suA08/FEnlxqW3sKS9iAhgsa9VYLZ6vDHn/ixJgIqRQPotoBjxIw==}
    dev: false

  /@jridgewell/sourcemap-codec@1.4.15:
    resolution: {integrity: sha512-eF2rxCRulEKXHTRiDrDy6erMYWqNw4LPdQ8UQA4huuxaQsVeRPFl2oM8oDGxMFhJUWZf9McpLtJasDDZb/Bpeg==}

  /@nodelib/fs.scandir@2.1.5:
    resolution: {integrity: sha512-vq24Bq3ym5HEQm2NKCr3yXDwjc7vTsEThRDnkp2DK9p1uqLR+DHurm/NOTo0KG7HYHU7eppKZj3MyqYuMBf62g==}
    engines: {node: '>= 8'}
    dependencies:
      '@nodelib/fs.stat': 2.0.5
      run-parallel: 1.2.0
    dev: true

  /@nodelib/fs.stat@2.0.5:
    resolution: {integrity: sha512-RkhPPp2zrqDAQA/2jNhnztcPAlv64XdhIp7a7454A5ovI7Bukxgt7MX7udwAu3zg1DcpPU0rz3VV1SeaqvY4+A==}
    engines: {node: '>= 8'}
    dev: true

  /@nodelib/fs.walk@1.2.8:
    resolution: {integrity: sha512-oGB+UxlgWcgQkgwo8GcEGwemoTFt3FIO9ababBmaGwXIoBKZ+GTy0pP185beGg7Llih/NSHSV2XAs1lnznocSg==}
    engines: {node: '>= 8'}
    dependencies:
      '@nodelib/fs.scandir': 2.1.5
      fastq: 1.17.1
    dev: true

  /@rollup/pluginutils@5.1.0:
    resolution: {integrity: sha512-XTIWOPPcpvyKI6L1NHo0lFlCyznUEyPmPY1mc3KpPVDYulHSTvyeLNVW00QTLIAFNhR3kYnJTQHeGqU4M3n09g==}
    engines: {node: '>=14.0.0'}
    peerDependencies:
      rollup: ^1.20.0||^2.0.0||^3.0.0||^4.0.0
    peerDependenciesMeta:
      rollup:
        optional: true
    dependencies:
      '@types/estree': 1.0.5
      estree-walker: 2.0.2
      picomatch: 2.3.1
    dev: true

  /@sxzz/popperjs-es@2.11.7:
    resolution: {integrity: sha512-Ccy0NlLkzr0Ex2FKvh2X+OyERHXJ88XJ1MXtsI9y9fGexlaXaVTPzBCRBwIxFkORuOb+uBqeu+RqnpgYTEZRUQ==}
    dev: false

  /@types/estree@1.0.5:
    resolution: {integrity: sha512-/kYRxGDLWzHOB7q+wtSUQlFrtcdUccpfy+X+9iMBpHK8QLLhx2wIPYuS5DYtR9Wa/YlZAbIovy7qVdB1Aq6Lyw==}
    dev: true

  /@types/file-saver@2.0.7:
    resolution: {integrity: sha512-dNKVfHd/jk0SkR/exKGj2ggkB45MAkzvWCaqLUUgkyjITkGNzH8H+yUwr+BLJUBjZOe9w8X3wgmXhZDRg1ED6A==}
    dev: false

  /@types/lodash-es@4.17.12:
    resolution: {integrity: sha512-0NgftHUcV4v34VhXm8QBSftKVXtbkBG3ViCjs6+eJ5a6y6Mi/jiFGPc1sC7QK+9BFhWrURE3EOggmWaSxL9OzQ==}
    dependencies:
      '@types/lodash': 4.17.1
    dev: false

  /@types/lodash@4.17.1:
    resolution: {integrity: sha512-X+2qazGS3jxLAIz5JDXDzglAF3KpijdhFxlf/V1+hEsOUc+HnWi81L/uv/EvGuV90WY+7mPGFCUDGfQC3Gj95Q==}
    dev: false

  /@types/web-bluetooth@0.0.16:
    resolution: {integrity: sha512-oh8q2Zc32S6gd/j50GowEjKLoOVOwHP/bWVjKJInBwQqdOYMdPrf1oVlelTlyfFK3CKxL1uahMDAr+vy8T7yMQ==}
    dev: false

  /@vitejs/plugin-vue@3.2.0(vite@3.2.10)(vue@3.4.27):
    resolution: {integrity: sha512-E0tnaL4fr+qkdCNxJ+Xd0yM31UwMkQje76fsDVBBUCoGOUPexu2VDUYHL8P4CwV+zMvWw6nlRw19OnRKmYAJpw==}
    engines: {node: ^14.18.0 || >=16.0.0}
    peerDependencies:
      vite: ^3.0.0
      vue: ^3.2.25
    dependencies:
      vite: 3.2.10
      vue: 3.4.27(typescript@5.4.5)
    dev: true

  /@vue/compiler-core@3.4.27:
    resolution: {integrity: sha512-E+RyqY24KnyDXsCuQrI+mlcdW3ALND6U7Gqa/+bVwbcpcR3BRRIckFoz7Qyd4TTlnugtwuI7YgjbvsLmxb+yvg==}
    dependencies:
      '@babel/parser': 7.24.5
      '@vue/shared': 3.4.27
      entities: 4.5.0
      estree-walker: 2.0.2
      source-map-js: 1.2.0

  /@vue/compiler-dom@3.4.27:
    resolution: {integrity: sha512-kUTvochG/oVgE1w5ViSr3KUBh9X7CWirebA3bezTbB5ZKBQZwR2Mwj9uoSKRMFcz4gSMzzLXBPD6KpCLb9nvWw==}
    dependencies:
      '@vue/compiler-core': 3.4.27
      '@vue/shared': 3.4.27

  /@vue/compiler-sfc@3.4.27:
    resolution: {integrity: sha512-nDwntUEADssW8e0rrmE0+OrONwmRlegDA1pD6QhVeXxjIytV03yDqTey9SBDiALsvAd5U4ZrEKbMyVXhX6mCGA==}
    dependencies:
      '@babel/parser': 7.24.5
      '@vue/compiler-core': 3.4.27
      '@vue/compiler-dom': 3.4.27
      '@vue/compiler-ssr': 3.4.27
      '@vue/shared': 3.4.27
      estree-walker: 2.0.2
      magic-string: 0.30.10
      postcss: 8.4.38
      source-map-js: 1.2.0

  /@vue/compiler-ssr@3.4.27:
    resolution: {integrity: sha512-CVRzSJIltzMG5FcidsW0jKNQnNRYC8bT21VegyMMtHmhW3UOI7knmUehzswXLrExDLE6lQCZdrhD4ogI7c+vuw==}
    dependencies:
      '@vue/compiler-dom': 3.4.27
      '@vue/shared': 3.4.27

  /@vue/devtools-api@6.6.1:
    resolution: {integrity: sha512-LgPscpE3Vs0x96PzSSB4IGVSZXZBZHpfxs+ZA1d+VEPwHdOXowy/Y2CsvCAIFrf+ssVU1pD1jidj505EpUnfbA==}
    dev: false

  /@vue/reactivity@3.4.27:
    resolution: {integrity: sha512-kK0g4NknW6JX2yySLpsm2jlunZJl2/RJGZ0H9ddHdfBVHcNzxmQ0sS0b09ipmBoQpY8JM2KmUw+a6sO8Zo+zIA==}
    dependencies:
      '@vue/shared': 3.4.27

  /@vue/runtime-core@3.4.27:
    resolution: {integrity: sha512-7aYA9GEbOOdviqVvcuweTLe5Za4qBZkUY7SvET6vE8kyypxVgaT1ixHLg4urtOlrApdgcdgHoTZCUuTGap/5WA==}
    dependencies:
      '@vue/reactivity': 3.4.27
      '@vue/shared': 3.4.27

  /@vue/runtime-dom@3.4.27:
    resolution: {integrity: sha512-ScOmP70/3NPM+TW9hvVAz6VWWtZJqkbdf7w6ySsws+EsqtHvkhxaWLecrTorFxsawelM5Ys9FnDEMt6BPBDS0Q==}
    dependencies:
      '@vue/runtime-core': 3.4.27
      '@vue/shared': 3.4.27
      csstype: 3.1.3

  /@vue/server-renderer@3.4.27(vue@3.4.27):
    resolution: {integrity: sha512-dlAMEuvmeA3rJsOMJ2J1kXU7o7pOxgsNHVr9K8hB3ImIkSuBrIdy0vF66h8gf8Tuinf1TK3mPAz2+2sqyf3KzA==}
    peerDependencies:
      vue: 3.4.27
    dependencies:
      '@vue/compiler-ssr': 3.4.27
      '@vue/shared': 3.4.27
      vue: 3.4.27(typescript@5.4.5)

  /@vue/shared@3.4.27:
    resolution: {integrity: sha512-DL3NmY2OFlqmYYrzp39yi3LDkKxa5vZVwxWdQ3rG0ekuWscHraeIbnI8t+aZK7qhYqEqWKTUdijadunb9pnrgA==}

  /@vueuse/core@9.13.0(vue@3.4.27):
    resolution: {integrity: sha512-pujnclbeHWxxPRqXWmdkKV5OX4Wk4YeK7wusHqRwU0Q7EFusHoqNA/aPhB6KCh9hEqJkLAJo7bb0Lh9b+OIVzw==}
    dependencies:
      '@types/web-bluetooth': 0.0.16
      '@vueuse/metadata': 9.13.0
      '@vueuse/shared': 9.13.0(vue@3.4.27)
      vue-demi: 0.14.7(vue@3.4.27)
    transitivePeerDependencies:
      - '@vue/composition-api'
      - vue
    dev: false

  /@vueuse/metadata@9.13.0:
    resolution: {integrity: sha512-gdU7TKNAUVlXXLbaF+ZCfte8BjRJQWPCa2J55+7/h+yDtzw3vOoGQDRXzI6pyKyo6bXFT5/QoPE4hAknExjRLQ==}
    dev: false

  /@vueuse/shared@9.13.0(vue@3.4.27):
    resolution: {integrity: sha512-UrnhU+Cnufu4S6JLCPZnkWh0WwZGUp72ktOF2DFptMlOs3TOdVv8xJN53zhHGARmVOsz5KqOls09+J1NR6sBKw==}
    dependencies:
      vue-demi: 0.14.7(vue@3.4.27)
    transitivePeerDependencies:
      - '@vue/composition-api'
      - vue
    dev: false

  /acorn@8.11.3:
    resolution: {integrity: sha512-Y9rRfJG5jcKOE0CLisYbojUjIrIEE7AGMzA/Sm4BslANhbS+cDMpgBdcPT91oJ7OuJ9hYJBx59RjbhxVnrF8Xg==}
    engines: {node: '>=0.4.0'}
    hasBin: true
    dev: true

  /anymatch@3.1.3:
    resolution: {integrity: sha512-KMReFUr0B4t+D+OBkjR3KYqvocp2XaSzO55UcB6mgQMd3KbcE+mWTyvVV7D/zsdEbNnV6acZUutkiHQXvTr1Rw==}
    engines: {node: '>= 8'}
    dependencies:
      normalize-path: 3.0.0
      picomatch: 2.3.1
    dev: true

  /async-validator@4.2.5:
    resolution: {integrity: sha512-7HhHjtERjqlNbZtqNqy2rckN/SpOOlmDliet+lP7k+eKZEjPk3DgyeU9lIXLdeLz0uBbbVp+9Qdow9wJWgwwfg==}
    dev: false

  /asynckit@0.4.0:
    resolution: {integrity: sha512-Oei9OH4tRh0YqU3GxhX79dM/mwVgvbZJaSNaRk+bshkj0S5cfHcgYakreBjrHwatXKbz+IoIdYLxrKim2MjW0Q==}
    dev: false

  /axios@1.6.8:
    resolution: {integrity: sha512-v/ZHtJDU39mDpyBoFVkETcd/uNdxrWRrg3bKpOKzXFA6Bvqopts6ALSMU3y6ijYxbw2B+wPrIv46egTzJXCLGQ==}
    dependencies:
      follow-redirects: 1.15.6
      form-data: 4.0.0
      proxy-from-env: 1.1.0
    transitivePeerDependencies:
      - debug
    dev: false

  /balanced-match@1.0.2:
    resolution: {integrity: sha512-3oSeUO0TMV67hN1AmbXsK4yaqU7tjiHlbxRDZOpH0KW9+CeX4bRAaX0Anxt0tx2MrpRpWwQaPwIlISEJhYU5Pw==}
    dev: true

  /binary-extensions@2.3.0:
    resolution: {integrity: sha512-Ceh+7ox5qe7LJuLHoY0feh3pHuUDHAcRUeyL2VYghZwfpkNIy/+8Ocg0a3UuSoYzavmylwuLWQOf3hl0jjMMIw==}
    engines: {node: '>=8'}
    dev: true

  /brace-expansion@2.0.1:
    resolution: {integrity: sha512-XnAIvQ8eM+kC6aULx6wuQiwVsnzsi9d3WxzV3FpWTGA19F621kwdbsAcFKXgKUHZWsy+mY6iL1sHTxWEFCytDA==}
    dependencies:
      balanced-match: 1.0.2
    dev: true

  /braces@3.0.2:
    resolution: {integrity: sha512-b8um+L1RzM3WDSzvhm6gIz1yfTbBt6YTlcEKAvsmqCZZFw46z626lVj9j1yEPW33H5H+lBQpZMP1k8l+78Ha0A==}
    engines: {node: '>=8'}
    dependencies:
      fill-range: 7.0.1
    dev: true

  /chokidar@3.6.0:
    resolution: {integrity: sha512-7VT13fmjotKpGipCW9JEQAusEPE+Ei8nl6/g4FBAmIm0GOOLMua9NDDo/DWp0ZAxCr3cPq5ZpBqmPAQgDda2Pw==}
    engines: {node: '>= 8.10.0'}
    dependencies:
      anymatch: 3.1.3
      braces: 3.0.2
      glob-parent: 5.1.2
      is-binary-path: 2.1.0
      is-glob: 4.0.3
      normalize-path: 3.0.0
      readdirp: 3.6.0
    optionalDependencies:
      fsevents: 2.3.3
    dev: true

  /combined-stream@1.0.8:
    resolution: {integrity: sha512-FQN4MRfuJeHf7cBbBMJFXhKSDq+2kAArBlmRBvcvFE5BB1HZKXtSFASDhdlz9zOYwxh8lDdnvmMOe/+5cdoEdg==}
    engines: {node: '>= 0.8'}
    dependencies:
      delayed-stream: 1.0.0
    dev: false

  /confbox@0.1.7:
    resolution: {integrity: sha512-uJcB/FKZtBMCJpK8MQji6bJHgu1tixKPxRLeGkNzBoOZzpnZUJm0jm2/sBDWcuBx1dYgxV4JU+g5hmNxCyAmdA==}
    dev: true

  /cookies-ts@1.0.5:
    resolution: {integrity: sha512-WpfZCpgrkbo1L39ZHCSvSV2xSERuzlCdGFyIT8QFFmmyPe6UWrNaq8DCIyluo9VmLLlXb1v7go2xrxcYNSCxBg==}
    dev: false

  /csstype@3.1.3:
    resolution: {integrity: sha512-M1uQkMl8rQK/szD0LNhtqxIPLpimGm8sOBwU7lLnCpSbTyY3yeU1Vc7l4KT5zT4s/yOxHH5O7tIuuLOCnLADRw==}

  /dayjs@1.11.11:
    resolution: {integrity: sha512-okzr3f11N6WuqYtZSvm+F776mB41wRZMhKP+hc34YdW+KmtYYK9iqvHSwo2k9FEH3fhGXvOPV6yz2IcSrfRUDg==}
    dev: false

  /debug@4.3.4:
    resolution: {integrity: sha512-PRWFHuSU3eDtQJPvnNY7Jcket1j0t5OuOsFzPPzsekD52Zl8qUfFIPEiswXqIvHWGVHOgX+7G/vCNNhehwxfkQ==}
    engines: {node: '>=6.0'}
    peerDependencies:
      supports-color: '*'
    peerDependenciesMeta:
      supports-color:
        optional: true
    dependencies:
      ms: 2.1.2
    dev: true

  /delayed-stream@1.0.0:
    resolution: {integrity: sha512-ZySD7Nf91aLB0RxL4KGrKHBXl7Eds1DAmEdcoVawXnLD7SDhpNgtuII2aAkg7a7QS41jxPSZ17p4VdGnMHk3MQ==}
    engines: {node: '>=0.4.0'}
    dev: false

  /element-plus@2.7.2(vue@3.4.27):
    resolution: {integrity: sha512-AdEzBU/A68iUleio0MkQ46JeU5SeQvFFd915GJFScJmUEo5AmYg3OQ4pVjcu+p3b3Nupg9MC5Wa4xjAiC51kUg==}
    peerDependencies:
      vue: ^3.2.0
    dependencies:
      '@ctrl/tinycolor': 3.6.1
      '@element-plus/icons-vue': 2.3.1(vue@3.4.27)
      '@floating-ui/dom': 1.6.5
      '@popperjs/core': /@sxzz/popperjs-es@2.11.7
      '@types/lodash': 4.17.1
      '@types/lodash-es': 4.17.12
      '@vueuse/core': 9.13.0(vue@3.4.27)
      async-validator: 4.2.5
      dayjs: 1.11.11
      escape-html: 1.0.3
      lodash: 4.17.21
      lodash-es: 4.17.21
      lodash-unified: 1.0.3(@types/lodash-es@4.17.12)(lodash-es@4.17.21)(lodash@4.17.21)
      memoize-one: 6.0.0
      normalize-wheel-es: 1.2.0
      vue: 3.4.27(typescript@5.4.5)
    transitivePeerDependencies:
      - '@vue/composition-api'
    dev: false

  /entities@4.5.0:
    resolution: {integrity: sha512-V0hjH4dGPh9Ao5p0MoRY6BVqtwCjhz6vI5LT8AJ55H+4g9/4vbHx1I54fS0XuclLhDHArPQCiMjDxjaL8fPxhw==}
    engines: {node: '>=0.12'}

  /esbuild-android-64@0.15.18:
    resolution: {integrity: sha512-wnpt3OXRhcjfIDSZu9bnzT4/TNTDsOUvip0foZOUBG7QbSt//w3QV4FInVJxNhKc/ErhUxc5z4QjHtMi7/TbgA==}
    engines: {node: '>=12'}
    cpu: [x64]
    os: [android]
    requiresBuild: true
    dev: true
    optional: true

  /esbuild-android-arm64@0.15.18:
    resolution: {integrity: sha512-G4xu89B8FCzav9XU8EjsXacCKSG2FT7wW9J6hOc18soEHJdtWu03L3TQDGf0geNxfLTtxENKBzMSq9LlbjS8OQ==}
    engines: {node: '>=12'}
    cpu: [arm64]
    os: [android]
    requiresBuild: true
    dev: true
    optional: true

  /esbuild-darwin-64@0.15.18:
    resolution: {integrity: sha512-2WAvs95uPnVJPuYKP0Eqx+Dl/jaYseZEUUT1sjg97TJa4oBtbAKnPnl3b5M9l51/nbx7+QAEtuummJZW0sBEmg==}
    engines: {node: '>=12'}
    cpu: [x64]
    os: [darwin]
    requiresBuild: true
    dev: true
    optional: true

  /esbuild-darwin-arm64@0.15.18:
    resolution: {integrity: sha512-tKPSxcTJ5OmNb1btVikATJ8NftlyNlc8BVNtyT/UAr62JFOhwHlnoPrhYWz09akBLHI9nElFVfWSTSRsrZiDUA==}
    engines: {node: '>=12'}
    cpu: [arm64]
    os: [darwin]
    requiresBuild: true
    dev: true
    optional: true

  /esbuild-freebsd-64@0.15.18:
    resolution: {integrity: sha512-TT3uBUxkteAjR1QbsmvSsjpKjOX6UkCstr8nMr+q7zi3NuZ1oIpa8U41Y8I8dJH2fJgdC3Dj3CXO5biLQpfdZA==}
    engines: {node: '>=12'}
    cpu: [x64]
    os: [freebsd]
    requiresBuild: true
    dev: true
    optional: true

  /esbuild-freebsd-arm64@0.15.18:
    resolution: {integrity: sha512-R/oVr+X3Tkh+S0+tL41wRMbdWtpWB8hEAMsOXDumSSa6qJR89U0S/PpLXrGF7Wk/JykfpWNokERUpCeHDl47wA==}
    engines: {node: '>=12'}
    cpu: [arm64]
    os: [freebsd]
    requiresBuild: true
    dev: true
    optional: true

  /esbuild-linux-32@0.15.18:
    resolution: {integrity: sha512-lphF3HiCSYtaa9p1DtXndiQEeQDKPl9eN/XNoBf2amEghugNuqXNZA/ZovthNE2aa4EN43WroO0B85xVSjYkbg==}
    engines: {node: '>=12'}
    cpu: [ia32]
    os: [linux]
    requiresBuild: true
    dev: true
    optional: true

  /esbuild-linux-64@0.15.18:
    resolution: {integrity: sha512-hNSeP97IviD7oxLKFuii5sDPJ+QHeiFTFLoLm7NZQligur8poNOWGIgpQ7Qf8Balb69hptMZzyOBIPtY09GZYw==}
    engines: {node: '>=12'}
    cpu: [x64]
    os: [linux]
    requiresBuild: true
    dev: true
    optional: true

  /esbuild-linux-arm64@0.15.18:
    resolution: {integrity: sha512-54qr8kg/6ilcxd+0V3h9rjT4qmjc0CccMVWrjOEM/pEcUzt8X62HfBSeZfT2ECpM7104mk4yfQXkosY8Quptug==}
    engines: {node: '>=12'}
    cpu: [arm64]
    os: [linux]
    requiresBuild: true
    dev: true
    optional: true

  /esbuild-linux-arm@0.15.18:
    resolution: {integrity: sha512-UH779gstRblS4aoS2qpMl3wjg7U0j+ygu3GjIeTonCcN79ZvpPee12Qun3vcdxX+37O5LFxz39XeW2I9bybMVA==}
    engines: {node: '>=12'}
    cpu: [arm]
    os: [linux]
    requiresBuild: true
    dev: true
    optional: true

  /esbuild-linux-mips64le@0.15.18:
    resolution: {integrity: sha512-Mk6Ppwzzz3YbMl/ZZL2P0q1tnYqh/trYZ1VfNP47C31yT0K8t9s7Z077QrDA/guU60tGNp2GOwCQnp+DYv7bxQ==}
    engines: {node: '>=12'}
    cpu: [mips64el]
    os: [linux]
    requiresBuild: true
    dev: true
    optional: true

  /esbuild-linux-ppc64le@0.15.18:
    resolution: {integrity: sha512-b0XkN4pL9WUulPTa/VKHx2wLCgvIAbgwABGnKMY19WhKZPT+8BxhZdqz6EgkqCLld7X5qiCY2F/bfpUUlnFZ9w==}
    engines: {node: '>=12'}
    cpu: [ppc64]
    os: [linux]
    requiresBuild: true
    dev: true
    optional: true

  /esbuild-linux-riscv64@0.15.18:
    resolution: {integrity: sha512-ba2COaoF5wL6VLZWn04k+ACZjZ6NYniMSQStodFKH/Pu6RxzQqzsmjR1t9QC89VYJxBeyVPTaHuBMCejl3O/xg==}
    engines: {node: '>=12'}
    cpu: [riscv64]
    os: [linux]
    requiresBuild: true
    dev: true
    optional: true

  /esbuild-linux-s390x@0.15.18:
    resolution: {integrity: sha512-VbpGuXEl5FCs1wDVp93O8UIzl3ZrglgnSQ+Hu79g7hZu6te6/YHgVJxCM2SqfIila0J3k0csfnf8VD2W7u2kzQ==}
    engines: {node: '>=12'}
    cpu: [s390x]
    os: [linux]
    requiresBuild: true
    dev: true
    optional: true

  /esbuild-netbsd-64@0.15.18:
    resolution: {integrity: sha512-98ukeCdvdX7wr1vUYQzKo4kQ0N2p27H7I11maINv73fVEXt2kyh4K4m9f35U1K43Xc2QGXlzAw0K9yoU7JUjOg==}
    engines: {node: '>=12'}
    cpu: [x64]
    os: [netbsd]
    requiresBuild: true
    dev: true
    optional: true

  /esbuild-openbsd-64@0.15.18:
    resolution: {integrity: sha512-yK5NCcH31Uae076AyQAXeJzt/vxIo9+omZRKj1pauhk3ITuADzuOx5N2fdHrAKPxN+zH3w96uFKlY7yIn490xQ==}
    engines: {node: '>=12'}
    cpu: [x64]
    os: [openbsd]
    requiresBuild: true
    dev: true
    optional: true

  /esbuild-sunos-64@0.15.18:
    resolution: {integrity: sha512-On22LLFlBeLNj/YF3FT+cXcyKPEI263nflYlAhz5crxtp3yRG1Ugfr7ITyxmCmjm4vbN/dGrb/B7w7U8yJR9yw==}
    engines: {node: '>=12'}
    cpu: [x64]
    os: [sunos]
    requiresBuild: true
    dev: true
    optional: true

  /esbuild-windows-32@0.15.18:
    resolution: {integrity: sha512-o+eyLu2MjVny/nt+E0uPnBxYuJHBvho8vWsC2lV61A7wwTWC3jkN2w36jtA+yv1UgYkHRihPuQsL23hsCYGcOQ==}
    engines: {node: '>=12'}
    cpu: [ia32]
    os: [win32]
    requiresBuild: true
    dev: true
    optional: true

  /esbuild-windows-64@0.15.18:
    resolution: {integrity: sha512-qinug1iTTaIIrCorAUjR0fcBk24fjzEedFYhhispP8Oc7SFvs+XeW3YpAKiKp8dRpizl4YYAhxMjlftAMJiaUw==}
    engines: {node: '>=12'}
    cpu: [x64]
    os: [win32]
    requiresBuild: true
    dev: true
    optional: true

  /esbuild-windows-arm64@0.15.18:
    resolution: {integrity: sha512-q9bsYzegpZcLziq0zgUi5KqGVtfhjxGbnksaBFYmWLxeV/S1fK4OLdq2DFYnXcLMjlZw2L0jLsk1eGoB522WXQ==}
    engines: {node: '>=12'}
    cpu: [arm64]
    os: [win32]
    requiresBuild: true
    dev: true
    optional: true

  /esbuild@0.15.18:
    resolution: {integrity: sha512-x/R72SmW3sSFRm5zrrIjAhCeQSAWoni3CmHEqfQrZIQTM3lVCdehdwuIqaOtfC2slvpdlLa62GYoN8SxT23m6Q==}
    engines: {node: '>=12'}
    hasBin: true
    requiresBuild: true
    optionalDependencies:
      '@esbuild/android-arm': 0.15.18
      '@esbuild/linux-loong64': 0.15.18
      esbuild-android-64: 0.15.18
      esbuild-android-arm64: 0.15.18
      esbuild-darwin-64: 0.15.18
      esbuild-darwin-arm64: 0.15.18
      esbuild-freebsd-64: 0.15.18
      esbuild-freebsd-arm64: 0.15.18
      esbuild-linux-32: 0.15.18
      esbuild-linux-64: 0.15.18
      esbuild-linux-arm: 0.15.18
      esbuild-linux-arm64: 0.15.18
      esbuild-linux-mips64le: 0.15.18
      esbuild-linux-ppc64le: 0.15.18
      esbuild-linux-riscv64: 0.15.18
      esbuild-linux-s390x: 0.15.18
      esbuild-netbsd-64: 0.15.18
      esbuild-openbsd-64: 0.15.18
      esbuild-sunos-64: 0.15.18
      esbuild-windows-32: 0.15.18
      esbuild-windows-64: 0.15.18
      esbuild-windows-arm64: 0.15.18
    dev: true

  /escape-html@1.0.3:
    resolution: {integrity: sha512-NiSupZ4OeuGwr68lGIeym/ksIZMJodUGOSCZ/FSnTxcrekbvqrgdUxlJOMpijaKZVjAJrWrGs/6Jy8OMuyj9ow==}
    dev: false

  /escape-string-regexp@5.0.0:
    resolution: {integrity: sha512-/veY75JbMK4j1yjvuUxuVsiS/hr/4iHs9FTT6cgTexxdE0Ly/glccBAkloH/DofkjRbZU3bnoj38mOmhkZ0lHw==}
    engines: {node: '>=12'}
    dev: true

  /estree-walker@2.0.2:
    resolution: {integrity: sha512-Rfkk/Mp/DL7JVje3u18FxFujQlTNR2q6QfMSMB7AvCBx91NGj/ba3kCfza0f6dVDbw7YlRf/nDrn7pQrCCyQ/w==}

  /fast-glob@3.3.2:
    resolution: {integrity: sha512-oX2ruAFQwf/Orj8m737Y5adxDQO0LAB7/S5MnxCdTNDd4p6BsyIVsv9JQsATbTSq8KHRpLwIHbVlUNatxd+1Ow==}
    engines: {node: '>=8.6.0'}
    dependencies:
      '@nodelib/fs.stat': 2.0.5
      '@nodelib/fs.walk': 1.2.8
      glob-parent: 5.1.2
      merge2: 1.4.1
      micromatch: 4.0.5
    dev: true

  /fastq@1.17.1:
    resolution: {integrity: sha512-sRVD3lWVIXWg6By68ZN7vho9a1pQcN/WBFaAAsDDFzlJjvoGx0P8z7V1t72grFJfJhu3YPZBuu25f7Kaw2jN1w==}
    dependencies:
      reusify: 1.0.4
    dev: true

  /file-saver@2.0.5:
    resolution: {integrity: sha512-P9bmyZ3h/PRG+Nzga+rbdI4OEpNDzAVyy74uVO9ATgzLK6VtAsYybF/+TOCvrc0MO793d6+42lLyZTw7/ArVzA==}
    dev: false

  /fill-range@7.0.1:
    resolution: {integrity: sha512-qOo9F+dMUmC2Lcb4BbVvnKJxTPjCm+RRpe4gDuGrzkL7mEVl/djYSu2OdQ2Pa302N4oqkSg9ir6jaLWJ2USVpQ==}
    engines: {node: '>=8'}
    dependencies:
      to-regex-range: 5.0.1
    dev: true

  /follow-redirects@1.15.6:
    resolution: {integrity: sha512-wWN62YITEaOpSK584EZXJafH1AGpO8RVgElfkuXbTOrPX4fIfOyEpW/CsiNd8JdYrAoOvafRTOEnvsO++qCqFA==}
    engines: {node: '>=4.0'}
    peerDependencies:
      debug: '*'
    peerDependenciesMeta:
      debug:
        optional: true
    dev: false

  /form-data@4.0.0:
    resolution: {integrity: sha512-ETEklSGi5t0QMZuiXoA/Q6vcnxcLQP5vdugSpuAyi6SVGi2clPPp+xgEhuMaHC+zGgn31Kd235W35f7Hykkaww==}
    engines: {node: '>= 6'}
    dependencies:
      asynckit: 0.4.0
      combined-stream: 1.0.8
      mime-types: 2.1.35
    dev: false

  /fsevents@2.3.3:
    resolution: {integrity: sha512-5xoDfX+fL7faATnagmWPpbFtwh/R77WmMMqqHGS65C3vvB0YHrgF+B1YmZ3441tMj5n63k0212XNoJwzlhffQw==}
    engines: {node: ^8.16.0 || ^10.6.0 || >=11.0.0}
    os: [darwin]
    requiresBuild: true
    dev: true
    optional: true

  /function-bind@1.1.2:
    resolution: {integrity: sha512-7XHNxH7qX9xG5mIwxkhumTox/MIRNcOgDrxWsMt2pAr23WHp6MrRlN7FBSFpCpr+oVO0F744iUgR82nJMfG2SA==}
    dev: true

  /glob-parent@5.1.2:
    resolution: {integrity: sha512-AOIgSQCepiJYwP3ARnGx+5VnTu2HBYdzbGP45eLw1vr3zB3vZLeyed1sC9hnbcOc9/SrMyM5RPQrkGz4aS9Zow==}
    engines: {node: '>= 6'}
    dependencies:
      is-glob: 4.0.3
    dev: true

  /hasown@2.0.2:
    resolution: {integrity: sha512-0hJU9SCPvmMzIBdZFqNPXWa6dqh7WdH0cII9y+CyS8rG3nL48Bclra9HmKhVVUHyPWNH5Y7xDwAB7bfgSjkUMQ==}
    engines: {node: '>= 0.4'}
    dependencies:
      function-bind: 1.1.2
    dev: true

  /is-binary-path@2.1.0:
    resolution: {integrity: sha512-ZMERYes6pDydyuGidse7OsHxtbI7WVeUEozgR/g7rd0xUimYNlvZRE/K2MgZTjWy725IfelLeVcEM97mmtRGXw==}
    engines: {node: '>=8'}
    dependencies:
      binary-extensions: 2.3.0
    dev: true

  /is-core-module@2.13.1:
    resolution: {integrity: sha512-hHrIjvZsftOsvKSn2TRYl63zvxsgE0K+0mYMoH6gD4omR5IWB2KynivBQczo3+wF1cCkjzvptnI9Q0sPU66ilw==}
    dependencies:
      hasown: 2.0.2
    dev: true

  /is-extglob@2.1.1:
    resolution: {integrity: sha512-SbKbANkN603Vi4jEZv49LeVJMn4yGwsbzZworEoyEiutsN3nJYdbO36zfhGJ6QEDpOZIFkDtnq5JRxmvl3jsoQ==}
    engines: {node: '>=0.10.0'}
    dev: true

  /is-glob@4.0.3:
    resolution: {integrity: sha512-xelSayHH36ZgE7ZWhli7pW34hNbNl8Ojv5KVmkJD4hBdD3th8Tfk9vYasLM+mXWOZhFkgZfxhLSnrwRr4elSSg==}
    engines: {node: '>=0.10.0'}
    dependencies:
      is-extglob: 2.1.1
    dev: true

  /is-number@7.0.0:
    resolution: {integrity: sha512-41Cifkg6e8TylSpdtTpeLVMqvSBEVzTttHvERD741+pnZ8ANv0004MRL43QKPDlK9cGvNp6NZWZUBlbGXYxxng==}
    engines: {node: '>=0.12.0'}
    dev: true

  /local-pkg@0.4.3:
    resolution: {integrity: sha512-SFppqq5p42fe2qcZQqqEOiVRXl+WCP1MdT6k7BDEW1j++sp5fIY+/fdRQitvKgB5BrBcmrs5m/L0v2FrU5MY1g==}
    engines: {node: '>=14'}
    dev: true

  /lodash-es@4.17.21:
    resolution: {integrity: sha512-mKnC+QJ9pWVzv+C4/U3rRsHapFfHvQFoFB92e52xeyGMcX6/OlIl78je1u8vePzYZSkkogMPJ2yjxxsb89cxyw==}
    dev: false

  /lodash-unified@1.0.3(@types/lodash-es@4.17.12)(lodash-es@4.17.21)(lodash@4.17.21):
    resolution: {integrity: sha512-WK9qSozxXOD7ZJQlpSqOT+om2ZfcT4yO+03FuzAHD0wF6S0l0090LRPDx3vhTTLZ8cFKpBn+IOcVXK6qOcIlfQ==}
    peerDependencies:
      '@types/lodash-es': '*'
      lodash: '*'
      lodash-es: '*'
    dependencies:
      '@types/lodash-es': 4.17.12
      lodash: 4.17.21
      lodash-es: 4.17.21
    dev: false

  /lodash@4.17.21:
    resolution: {integrity: sha512-v2kDEe57lecTulaDIuNTPy3Ry4gLGJ6Z1O3vE1krgXZNrsQ+LFTGHVxVjcXPs17LhbZVGedAJv8XZ1tvj5FvSg==}
    dev: false

  /magic-string@0.26.7:
    resolution: {integrity: sha512-hX9XH3ziStPoPhJxLq1syWuZMxbDvGNbVchfrdCtanC7D13888bMFow61x8axrx+GfHLtVeAx2kxL7tTGRl+Ow==}
    engines: {node: '>=12'}
    dependencies:
      sourcemap-codec: 1.4.8
    dev: true

  /magic-string@0.27.0:
    resolution: {integrity: sha512-8UnnX2PeRAPZuN12svgR9j7M1uWMovg/CEnIwIG0LFkXSJJe4PdfUGiTGl8V9bsBHFUtfVINcSyYxd7q+kx9fA==}
    engines: {node: '>=12'}
    dependencies:
      '@jridgewell/sourcemap-codec': 1.4.15
    dev: true

  /magic-string@0.30.10:
    resolution: {integrity: sha512-iIRwTIf0QKV3UAnYK4PU8uiEc4SRh5jX0mwpIwETPpHdhVM4f53RSwS/vXvN1JhGX+Cs7B8qIq3d6AH49O5fAQ==}
    dependencies:
      '@jridgewell/sourcemap-codec': 1.4.15

  /memoize-one@6.0.0:
    resolution: {integrity: sha512-rkpe71W0N0c0Xz6QD0eJETuWAJGnJ9afsl1srmwPrI+yBCkge5EycXXbYRyvL29zZVUWQCY7InPRCv3GDXuZNw==}
    dev: false

  /merge2@1.4.1:
    resolution: {integrity: sha512-8q7VEgMJW4J8tcfVPy8g09NcQwZdbwFEqhe/WZkoIzjn/3TGDwtOCYtXGxA3O8tPzpczCCDgv+P2P5y00ZJOOg==}
    engines: {node: '>= 8'}
    dev: true

  /micromatch@4.0.5:
    resolution: {integrity: sha512-DMy+ERcEW2q8Z2Po+WNXuw3c5YaUSFjAO5GsJqfEl7UjvtIuFKO6ZrKvcItdy98dwFI2N1tg3zNIdKaQT+aNdA==}
    engines: {node: '>=8.6'}
    dependencies:
      braces: 3.0.2
      picomatch: 2.3.1
    dev: true

  /mime-db@1.52.0:
    resolution: {integrity: sha512-sPU4uV7dYlvtWJxwwxHD0PuihVNiE7TyAbQ5SWxDCB9mUYvOgroQOwYQQOKPJ8CIbE+1ETVlOoK1UC2nU3gYvg==}
    engines: {node: '>= 0.6'}
    dev: false

  /mime-types@2.1.35:
    resolution: {integrity: sha512-ZDY+bPm5zTTF+YpCrAU9nK0UgICYPT0QtT1NZWFv4s++TNkcgVaT0g6+4R2uI4MjQjzysHB1zxuWL50hzaeXiw==}
    engines: {node: '>= 0.6'}
    dependencies:
      mime-db: 1.52.0
    dev: false

  /minimatch@5.1.6:
    resolution: {integrity: sha512-lKwV/1brpG6mBUFHtb7NUmtABCb2WZZmm2wNiOA5hAb8VdCS4B3dtMWyvcoViccwAW/COERjXLt0zP1zXUN26g==}
    engines: {node: '>=10'}
    dependencies:
      brace-expansion: 2.0.1
    dev: true

  /mlly@1.7.0:
    resolution: {integrity: sha512-U9SDaXGEREBYQgfejV97coK0UL1r+qnF2SyO9A3qcI8MzKnsIFKHNVEkrDyNncQTKQQumsasmeq84eNMdBfsNQ==}
    dependencies:
      acorn: 8.11.3
      pathe: 1.1.2
      pkg-types: 1.1.0
      ufo: 1.5.3
    dev: true

  /ms@2.1.2:
    resolution: {integrity: sha512-sGkPx+VjMtmA6MX27oA4FBFELFCZZ4S4XqeGOXCv68tT+jb3vk/RyaKWP0PTKyWtmLSM0b+adUTEvbs1PEaH2w==}
    dev: true

  /nanoid@3.3.7:
    resolution: {integrity: sha512-eSRppjcPIatRIMC1U6UngP8XFcz8MQWGQdt1MTBQ7NaAmvXDfvNxbvWV3x2y6CdEUciCSsDHDQZbhYaB8QEo2g==}
    engines: {node: ^10 || ^12 || ^13.7 || ^14 || >=15.0.1}
    hasBin: true

  /normalize-path@3.0.0:
    resolution: {integrity: sha512-6eZs5Ls3WtCisHWp9S2GUy8dqkpGi4BVSz3GaqiE6ezub0512ESztXUwUB6C6IKbQkY2Pnb/mD4WYojCRwcwLA==}
    engines: {node: '>=0.10.0'}
    dev: true

  /normalize-wheel-es@1.2.0:
    resolution: {integrity: sha512-Wj7+EJQ8mSuXr2iWfnujrimU35R2W4FAErEyTmJoJ7ucwTn2hOUSsRehMb5RSYkxXGTM7Y9QpvPmp++w5ftoJw==}
    dev: false

  /path-parse@1.0.7:
    resolution: {integrity: sha512-LDJzPVEEEPR+y48z93A0Ed0yXb8pAByGWo/k5YYdYgpY2/2EsOsksJrq7lOHxryrVOn1ejG6oAp8ahvOIQD8sw==}
    dev: true

  /pathe@1.1.2:
    resolution: {integrity: sha512-whLdWMYL2TwI08hn8/ZqAbrVemu0LNaNNJZX73O6qaIdCTfXutsLhMkjdENX0qhsQ9uIimo4/aQOmXkoon2nDQ==}
    dev: true

  /picocolors@1.0.0:
    resolution: {integrity: sha512-1fygroTLlHu66zi26VoTDv8yRgm0Fccecssto+MhsZ0D/DGW2sm8E8AjW7NU5VVTRt5GxbeZ5qBuJr+HyLYkjQ==}

  /picomatch@2.3.1:
    resolution: {integrity: sha512-JU3teHTNjmE2VCGFzuY8EXzCDVwEqB2a8fsIvwaStHhAWJEeVd1o1QD80CU6+ZdEXXSLbSsuLwJjkCBWqRQUVA==}
    engines: {node: '>=8.6'}
    dev: true

  /pkg-types@1.1.0:
    resolution: {integrity: sha512-/RpmvKdxKf8uILTtoOhAgf30wYbP2Qw+L9p3Rvshx1JZVX+XQNZQFjlbmGHEGIm4CkVPlSn+NXmIM8+9oWQaSA==}
    dependencies:
      confbox: 0.1.7
      mlly: 1.7.0
      pathe: 1.1.2
    dev: true

  /postcss@8.4.38:
    resolution: {integrity: sha512-Wglpdk03BSfXkHoQa3b/oulrotAkwrlLDRSOb9D0bN86FdRyE9lppSp33aHNPgBa0JKCoB+drFLZkQoRRYae5A==}
    engines: {node: ^10 || ^12 || >=14}
    dependencies:
      nanoid: 3.3.7
      picocolors: 1.0.0
      source-map-js: 1.2.0

  /proxy-from-env@1.1.0:
    resolution: {integrity: sha512-D+zkORCbA9f1tdWRK0RaCR3GPv50cMxcrz4X8k5LTSUD1Dkw47mKJEZQNunItRTkWwgtaUSo1RVFRIG9ZXiFYg==}
    dev: false

  /queue-microtask@1.2.3:
    resolution: {integrity: sha512-NuaNSa6flKT5JaSYQzJok04JzTL1CA6aGhv5rfLW3PgqA+M2ChpZQnAC8h8i4ZFkBS8X5RqkDBHA7r4hej3K9A==}
    dev: true

  /readdirp@3.6.0:
    resolution: {integrity: sha512-hOS089on8RduqdbhvQ5Z37A0ESjsqz6qnRcffsMU3495FuTdqSm+7bhJ29JvIOsBDEEnan5DPu9t3To9VRlMzA==}
    engines: {node: '>=8.10.0'}
    dependencies:
      picomatch: 2.3.1
    dev: true

  /resolve@1.22.8:
    resolution: {integrity: sha512-oKWePCxqpd6FlLvGV1VU0x7bkPmmCNolxzjMf4NczoDnQcIWrAF+cPtZn5i6n+RfD2d9i0tzpKnG6Yk168yIyw==}
    hasBin: true
    dependencies:
      is-core-module: 2.13.1
      path-parse: 1.0.7
      supports-preserve-symlinks-flag: 1.0.0
    dev: true

  /reusify@1.0.4:
    resolution: {integrity: sha512-U9nH88a3fc/ekCF1l0/UP1IosiuIjyTh7hBvXVMHYgVcfGvt897Xguj2UOLDeI5BG2m7/uwyaLVT6fbtCwTyzw==}
    engines: {iojs: '>=1.0.0', node: '>=0.10.0'}
    dev: true

  /rollup@2.79.1:
    resolution: {integrity: sha512-uKxbd0IhMZOhjAiD5oAFp7BqvkA4Dv47qpOCtaNvng4HBwdbWtdOh8f5nZNuk2rp51PMGk3bzfWu5oayNEuYnw==}
    engines: {node: '>=10.0.0'}
    hasBin: true
    optionalDependencies:
      fsevents: 2.3.3
    dev: true

  /run-parallel@1.2.0:
    resolution: {integrity: sha512-5l4VyZR86LZ/lDxZTR6jqL8AFE2S0IFLMP26AbjsLVADxHdhB/c0GUsH+y39UfCi3dzz8OlQuPmnaJOMoDHQBA==}
    dependencies:
      queue-microtask: 1.2.3
    dev: true

  /scule@1.3.0:
    resolution: {integrity: sha512-6FtHJEvt+pVMIB9IBY+IcCJ6Z5f1iQnytgyfKMhDKgmzYG+TeH/wx1y3l27rshSbLiSanrR9ffZDrEsmjlQF2g==}
    dev: true

  /source-map-js@1.2.0:
    resolution: {integrity: sha512-itJW8lvSA0TXEphiRoawsCksnlf8SyvmFzIhltqAHluXd88pkCd+cXJVHTDwdCr0IzwptSm035IHQktUu1QUMg==}
    engines: {node: '>=0.10.0'}

  /sourcemap-codec@1.4.8:
    resolution: {integrity: sha512-9NykojV5Uih4lgo5So5dtw+f0JgJX30KCNI8gwhz2J9A15wD0Ml6tjHKwf6fTSa6fAdVBdZeNOs9eJ71qCk8vA==}
    deprecated: Please use @jridgewell/sourcemap-codec instead
    dev: true

  /strip-literal@1.3.0:
    resolution: {integrity: sha512-PugKzOsyXpArk0yWmUwqOZecSO0GH0bPoctLcqNDH9J04pVW3lflYE0ujElBGTloevcxF5MofAOZ7C5l2b+wLg==}
    dependencies:
      acorn: 8.11.3
    dev: true

  /supports-preserve-symlinks-flag@1.0.0:
    resolution: {integrity: sha512-ot0WnXS9fgdkgIcePe6RHNk1WA8+muPa6cSjeR3V8K27q9BB1rTE3R1p7Hv0z1ZyAc8s6Vvv8DIyWf681MAt0w==}
    engines: {node: '>= 0.4'}
    dev: true

  /to-fast-properties@2.0.0:
    resolution: {integrity: sha512-/OaKK0xYrs3DmxRYqL/yDc+FxFUVYhDlXMhRmv3z915w2HF1tnN1omB354j8VUGO/hbRzyD6Y3sA7v7GS/ceog==}
    engines: {node: '>=4'}

  /to-regex-range@5.0.1:
    resolution: {integrity: sha512-65P7iz6X5yEr1cwcgvQxbbIw7Uk3gOy5dIdtZ4rDveLqhrdJP+Li/Hx6tyK0NEb+2GCyneCMJiGqrADCSNk8sQ==}
    engines: {node: '>=8.0'}
    dependencies:
      is-number: 7.0.0
    dev: true

  /typescript@5.4.5:
    resolution: {integrity: sha512-vcI4UpRgg81oIRUFwR0WSIHKt11nJ7SAVlYNIu+QpqeyXP+gpQJy/Z4+F0aGxSE4MqwjyXvW/TzgkLAx2AGHwQ==}
    engines: {node: '>=14.17'}
    hasBin: true

  /ufo@1.5.3:
    resolution: {integrity: sha512-Y7HYmWaFwPUmkoQCUIAYpKqkOf+SbVj/2fJJZ4RJMCfZp0rTGwRbzQD+HghfnhKOjL9E01okqz+ncJskGYfBNw==}
    dev: true

  /unimport@1.3.0:
    resolution: {integrity: sha512-fOkrdxglsHd428yegH0wPH/6IfaSdDeMXtdRGn6en/ccyzc2aaoxiUTMrJyc6Bu+xoa18RJRPMfLUHEzjz8atw==}
    dependencies:
      '@rollup/pluginutils': 5.1.0
      escape-string-regexp: 5.0.0
      fast-glob: 3.3.2
      local-pkg: 0.4.3
      magic-string: 0.27.0
      mlly: 1.7.0
      pathe: 1.1.2
      pkg-types: 1.1.0
      scule: 1.3.0
      strip-literal: 1.3.0
      unplugin: 1.10.1
    transitivePeerDependencies:
      - rollup
    dev: true

  /unplugin-auto-import@0.11.5:
    resolution: {integrity: sha512-nvbL2AQwLRR8wbHpJ6L1EBVNmjN045RSedTa4NtsGRkSQFXkI1iKHs4dTqJwcKZsnFrZOAKtLPiN1/oQTObLZw==}
    engines: {node: '>=14'}
    peerDependencies:
      '@vueuse/core': '*'
    peerDependenciesMeta:
      '@vueuse/core':
        optional: true
    dependencies:
      '@antfu/utils': 0.7.7
      '@rollup/pluginutils': 5.1.0
      local-pkg: 0.4.3
      magic-string: 0.26.7
      unimport: 1.3.0
      unplugin: 1.10.1
    transitivePeerDependencies:
      - rollup
    dev: true

  /unplugin-vue-components@0.22.12(vue@3.4.27):
    resolution: {integrity: sha512-FxyzsuBvMCYPIk+8cgscGBQ345tvwVu+qY5IhE++eorkyvA4Z1TiD/HCiim+Kbqozl10i4K+z+NCa2WO2jexRA==}
    engines: {node: '>=14'}
    peerDependencies:
      '@babel/parser': ^7.15.8
      vue: 2 || 3
    peerDependenciesMeta:
      '@babel/parser':
        optional: true
    dependencies:
      '@antfu/utils': 0.7.7
      '@rollup/pluginutils': 5.1.0
      chokidar: 3.6.0
      debug: 4.3.4
      fast-glob: 3.3.2
      local-pkg: 0.4.3
      magic-string: 0.27.0
      minimatch: 5.1.6
      resolve: 1.22.8
      unplugin: 1.10.1
      vue: 3.4.27(typescript@5.4.5)
    transitivePeerDependencies:
      - rollup
      - supports-color
    dev: true

  /unplugin@1.10.1:
    resolution: {integrity: sha512-d6Mhq8RJeGA8UfKCu54Um4lFA0eSaRa3XxdAJg8tIdxbu1ubW0hBCZUL7yI2uGyYCRndvbK8FLHzqy2XKfeMsg==}
    engines: {node: '>=14.0.0'}
    dependencies:
      acorn: 8.11.3
      chokidar: 3.6.0
      webpack-sources: 3.2.3
      webpack-virtual-modules: 0.6.1
    dev: true

  /vite@3.2.10:
    resolution: {integrity: sha512-Dx3olBo/ODNiMVk/cA5Yft9Ws+snLOXrhLtrI3F4XLt4syz2Yg8fayZMWScPKoz12v5BUv7VEmQHnsfpY80fYw==}
    engines: {node: ^14.18.0 || >=16.0.0}
    hasBin: true
    peerDependencies:
      '@types/node': '>= 14'
      less: '*'
      sass: '*'
      stylus: '*'
      sugarss: '*'
      terser: ^5.4.0
    peerDependenciesMeta:
      '@types/node':
        optional: true
      less:
        optional: true
      sass:
        optional: true
      stylus:
        optional: true
      sugarss:
        optional: true
      terser:
        optional: true
    dependencies:
      esbuild: 0.15.18
      postcss: 8.4.38
      resolve: 1.22.8
      rollup: 2.79.1
    optionalDependencies:
      fsevents: 2.3.3
    dev: true

  /vue-cookie-next@1.3.0(vue@3.4.27):
    resolution: {integrity: sha512-+EinbhSf0c0M8cijCXRVgcvYBIm0lmu3/WKeFUokU93R1J3DxkkBHn5wOc9IyJj9ugAPI0d9EnhcOiOFNA/YVQ==}
    peerDependencies:
      vue: ^3.1.4
    dependencies:
      vue: 3.4.27(typescript@5.4.5)
    dev: false

  /vue-cookies-ts@1.5.19:
    resolution: {integrity: sha512-vG9NOoB1okEwCP6PrlpJWfhizRbbOCqcQHuHBr2jnc44cdUEAWS00byDrmRSAEZyzxapL4Vl8fzjoO7ponttUg==}
    dependencies:
      cookies-ts: 1.0.5
    dev: false

  /vue-cookies@1.8.4:
    resolution: {integrity: sha512-9zjvACKE4W0kEb8OQtXzpizKhf6zfFOG/Z1TEUjSJn4Z4rintuAHo8y/FpCUhTWHMmPe8E+Fko+/tiXVM+5jOw==}
    dev: false

  /vue-demi@0.14.7(vue@3.4.27):
    resolution: {integrity: sha512-EOG8KXDQNwkJILkx/gPcoL/7vH+hORoBaKgGe+6W7VFMvCYJfmF2dGbvgDroVnI8LU7/kTu8mbjRZGBU1z9NTA==}
    engines: {node: '>=12'}
    hasBin: true
    requiresBuild: true
    peerDependencies:
      '@vue/composition-api': ^1.0.0-rc.1
      vue: ^3.0.0-0 || ^2.6.0
    peerDependenciesMeta:
      '@vue/composition-api':
        optional: true
    dependencies:
      vue: 3.4.27(typescript@5.4.5)
    dev: false

  /vue-router@4.3.2(vue@3.4.27):
    resolution: {integrity: sha512-hKQJ1vDAZ5LVkKEnHhmm1f9pMiWIBNGF5AwU67PdH7TyXCj/a4hTccuUuYCAMgJK6rO/NVYtQIEN3yL8CECa7Q==}
    peerDependencies:
      vue: ^3.2.0
    dependencies:
      '@vue/devtools-api': 6.6.1
      vue: 3.4.27(typescript@5.4.5)
    dev: false

  /vue@3.4.27(typescript@5.4.5):
    resolution: {integrity: sha512-8s/56uK6r01r1icG/aEOHqyMVxd1bkYcSe9j8HcKtr/xTOFWvnzIVTehNW+5Yt89f+DLBe4A569pnZLS5HzAMA==}
    peerDependencies:
      typescript: '*'
    peerDependenciesMeta:
      typescript:
        optional: true
    dependencies:
      '@vue/compiler-dom': 3.4.27
      '@vue/compiler-sfc': 3.4.27
      '@vue/runtime-dom': 3.4.27
      '@vue/server-renderer': 3.4.27(vue@3.4.27)
      '@vue/shared': 3.4.27
      typescript: 5.4.5

  /webpack-sources@3.2.3:
    resolution: {integrity: sha512-/DyMEOrDgLKKIG0fmvtz+4dUX/3Ghozwgm6iPp8KRhvn+eQf9+Q7GWxVNMk3+uCPWfdXYC4ExGBckIXdFEfH1w==}
    engines: {node: '>=10.13.0'}
    dev: true

  /webpack-virtual-modules@0.6.1:
    resolution: {integrity: sha512-poXpCylU7ExuvZK8z+On3kX+S8o/2dQ/SVYueKA0D4WEMXROXgY8Ez50/bQEUmvoSMMrWcrJqCHuhAbsiwg7Dg==}
    dev: true
